
Microsoft Visual Studio Solution File, Format Version 12.00
# Visual Studio 15
VisualStudioVersion = 15.0.27703.2035
MinimumVisualStudioVersion = 10.0.40219.1
Project("{FAE04EC0-301F-11D3-BF4B-00C04F79EFBC}") = "Serial Port Application", "Serial Port Application\Serial Port Application.csproj", "{760FB460-200C-4046-B81E-5DF1EC47B267}"
EndProject
Global
	GlobalSection(SolutionConfigurationPlatforms) = preSolution
		Debug|Any CPU = Debug|Any CPU
		Release|Any CPU = Release|Any CPU
	EndGlobalSection
	GlobalSection(ProjectConfigurationPlatforms) = postSolution
		{760FB460-200C-4046-B81E-5DF1EC47B267}.Debug|Any CPU.ActiveCfg = Debug|Any CPU
		{760FB460-200C-4046-B81E-5DF1EC47B267}.Debug|Any CPU.Build.0 = Debug|Any CPU
		{760FB460-200C-4046-B81E-5DF1EC47B267}.Release|Any CPU.ActiveCfg = Release|Any CPU
		{760FB460-200C-4046-B81E-5DF1EC47B267}.Release|Any CPU.Build.0 = Release|Any CPU
	EndGlobalSection
	GlobalSection(SolutionProperties) = preSolution
		HideSolutionNode = FALSE
	EndGlobalSection
	GlobalSection(ExtensibilityGlobals) = postSolution
		SolutionGuid = {09DA4519-4219-49F9-BF5E-C002ABE81468}
	EndGlobalSection
EndGlobal
